
Microsoft Visual Studio Solution File, Format Version 12.00
# Visual Studio Version 16
VisualStudioVersion = 16.0.32106.194
MinimumVisualStudioVersion = 10.0.40219.1
Project("{FAE04EC0-301F-11D3-BF4B-00C04F79EFBC}") = "001_UnionFind", "DS_Examples\001_UnionFind.csproj", "{52112B0F-2A08-456A-8B82-F931F75286A7}"
EndProject
Project("{FAE04EC0-301F-11D3-BF4B-00C04F79EFBC}") = "002_2DArray", "002_2DArray\002_2DArray.csproj", "{0DE986C3-4571-480B-A407-CC46FD24A7E7}"
EndProject
Project("{FAE04EC0-301F-11D3-BF4B-00C04F79EFBC}") = "003_TicTacToe", "003_TicTacToe\003_TicTacToe.csproj", "{9DF9FC6D-E244-4BB0-A3A1-CDCE4D4015D6}"
EndProject
Project("{FAE04EC0-301F-11D3-BF4B-00C04F79EFBC}") = "004_DsArrays", "004_DsArrays\004_DsArrays.csproj", "{36D85781-C8DB-48D5-82DC-2E04F45B8E93}"
EndProject
Project("{FAE04EC0-301F-11D3-BF4B-00C04F79EFBC}") = "005_LinkedList", "005LinkedList\005_LinkedList.csproj", "{466EC60C-E6C0-4D41-B9F8-3BE71B73E8A5}"
EndProject
Project("{FAE04EC0-301F-11D3-BF4B-00C04F79EFBC}") = "005_LinkedList2", "005_LinkedList2\005_LinkedList2.csproj", "{19359537-505F-488D-8B03-79184F0BF14C}"
EndProject
Project("{FAE04EC0-301F-11D3-BF4B-00C04F79EFBC}") = "006_DoublyLinkList", "006_DoublyLinkList\006_DoublyLinkList.csproj", "{4D03E60F-6665-4EE7-8AA6-402DC9AB9E06}"
EndProject
Project("{FAE04EC0-301F-11D3-BF4B-00C04F79EFBC}") = "007_Stack", "007_Stack\007_Stack.csproj", "{9AE3F954-0D07-42C9-A693-A83E205605C2}"
EndProject
Project("{FAE04EC0-301F-11D3-BF4B-00C04F79EFBC}") = "008_Stack_LinkedList", "008_Stack_LinkedList\008_Stack_LinkedList.csproj", "{1068CBE3-E50D-44F9-A3C2-962DFEBFD7B9}"
EndProject
Project("{FAE04EC0-301F-11D3-BF4B-00C04F79EFBC}") = "009_Stack_BalancedBracket", "009_Stack_BalancedBracket\009_Stack_BalancedBracket.csproj", "{EA16B8F4-62A7-4E73-A8FA-9CD8E9E22342}"
EndProject
Project("{FAE04EC0-301F-11D3-BF4B-00C04F79EFBC}") = "010_Stack_TwoStacks", "010_Stack_TwoStacks\010_Stack_TwoStacks.csproj", "{C4D75009-E8DB-482B-A225-86F2A57BC391}"
EndProject
Project("{2150E333-8FDC-42A3-9474-1A3956D46DE8}") = "Stacks", "Stacks", "{262DC657-0D4E-43C5-A06E-95525FB5E0C7}"
EndProject
Project("{FAE04EC0-301F-11D3-BF4B-00C04F79EFBC}") = "PostfixEvaluation", "PostfixEvaluation\PostfixEvaluation.csproj", "{8D7032AC-1F39-4467-A3A0-EF2E7971510B}"
EndProject
Project("{FAE04EC0-301F-11D3-BF4B-00C04F79EFBC}") = "PrefixEvaluation", "PrefixEvaluation\PrefixEvaluation.csproj", "{2DE330F7-5317-43D8-AF17-48D13C9D6F2C}"
EndProject
Project("{FAE04EC0-301F-11D3-BF4B-00C04F79EFBC}") = "LargestRectangle", "LargestRectangle\LargestRectangle.csproj", "{4286A818-5408-415E-A7DC-930941EC31BC}"
EndProject
Project("{FAE04EC0-301F-11D3-BF4B-00C04F79EFBC}") = "InfixToPostfix", "InfixToPostfix\InfixToPostfix.csproj", "{80E243A2-462A-48B5-BD68-A0A6E919200F}"
EndProject
Project("{2150E333-8FDC-42A3-9474-1A3956D46DE8}") = "Queues", "Queues", "{8D937BE0-D649-45F3-9FE3-1A7D79600B7A}"
EndProject
Project("{FAE04EC0-301F-11D3-BF4B-00C04F79EFBC}") = "001_QueueUsingArray", "001_QueueUsingArray\001_QueueUsingArray.csproj", "{20D36F49-E5C8-49D3-A4D9-C12DCEC47209}"
EndProject
Project("{FAE04EC0-301F-11D3-BF4B-00C04F79EFBC}") = "002_CircularQueueUsingArray", "002_QueueUsingCircularArray\002_CircularQueueUsingArray.csproj", "{F50F1CCB-4F84-4F8E-9C18-CC4E2FBF8A8F}"
EndProject
Project("{FAE04EC0-301F-11D3-BF4B-00C04F79EFBC}") = "003_QueueUsingStacks", "003_QueueUsingStacks\003_QueueUsingStacks.csproj", "{2F247720-D293-4466-B037-A53236A093DA}"
EndProject
Project("{2150E333-8FDC-42A3-9474-1A3956D46DE8}") = "01_Arithmetics", "01_Arithmetics", "{E33F3031-5035-49EB-B0F7-7AF3350398FB}"
EndProject
Project("{9A19103F-16F7-4668-BE54-9A1E7A4F7556}") = "001_ModularArithmetics", "001_ModularArithmetics\001_ModularArithmetics.csproj", "{86787F95-9D98-4D7B-9D71-5199EDC27330}"
EndProject
Project("{FAE04EC0-301F-11D3-BF4B-00C04F79EFBC}") = "011_BitManipulation", "011_BitManipulation\011_BitManipulation.csproj", "{66E677E6-A60A-4529-8A48-142EC14026BA}"
EndProject
Global
	GlobalSection(SolutionConfigurationPlatforms) = preSolution
		Debug|Any CPU = Debug|Any CPU
		Release|Any CPU = Release|Any CPU
	EndGlobalSection
	GlobalSection(ProjectConfigurationPlatforms) = postSolution
		{52112B0F-2A08-456A-8B82-F931F75286A7}.Debug|Any CPU.ActiveCfg = Debug|Any CPU
		{52112B0F-2A08-456A-8B82-F931F75286A7}.Debug|Any CPU.Build.0 = Debug|Any CPU
		{52112B0F-2A08-456A-8B82-F931F75286A7}.Release|Any CPU.ActiveCfg = Release|Any CPU
		{52112B0F-2A08-456A-8B82-F931F75286A7}.Release|Any CPU.Build.0 = Release|Any CPU
		{0DE986C3-4571-480B-A407-CC46FD24A7E7}.Debug|Any CPU.ActiveCfg = Debug|Any CPU
		{0DE986C3-4571-480B-A407-CC46FD24A7E7}.Debug|Any CPU.Build.0 = Debug|Any CPU
		{0DE986C3-4571-480B-A407-CC46FD24A7E7}.Release|Any CPU.ActiveCfg = Release|Any CPU
		{0DE986C3-4571-480B-A407-CC46FD24A7E7}.Release|Any CPU.Build.0 = Release|Any CPU
		{9DF9FC6D-E244-4BB0-A3A1-CDCE4D4015D6}.Debug|Any CPU.ActiveCfg = Debug|Any CPU
		{9DF9FC6D-E244-4BB0-A3A1-CDCE4D4015D6}.Debug|Any CPU.Build.0 = Debug|Any CPU
		{9DF9FC6D-E244-4BB0-A3A1-CDCE4D4015D6}.Release|Any CPU.ActiveCfg = Release|Any CPU
		{9DF9FC6D-E244-4BB0-A3A1-CDCE4D4015D6}.Release|Any CPU.Build.0 = Release|Any CPU
		{36D85781-C8DB-48D5-82DC-2E04F45B8E93}.Debug|Any CPU.ActiveCfg = Debug|Any CPU
		{36D85781-C8DB-48D5-82DC-2E04F45B8E93}.Debug|Any CPU.Build.0 = Debug|Any CPU
		{36D85781-C8DB-48D5-82DC-2E04F45B8E93}.Release|Any CPU.ActiveCfg = Release|Any CPU
		{36D85781-C8DB-48D5-82DC-2E04F45B8E93}.Release|Any CPU.Build.0 = Release|Any CPU
		{466EC60C-E6C0-4D41-B9F8-3BE71B73E8A5}.Debug|Any CPU.ActiveCfg = Debug|Any CPU
		{466EC60C-E6C0-4D41-B9F8-3BE71B73E8A5}.Debug|Any CPU.Build.0 = Debug|Any CPU
		{466EC60C-E6C0-4D41-B9F8-3BE71B73E8A5}.Release|Any CPU.ActiveCfg = Release|Any CPU
		{466EC60C-E6C0-4D41-B9F8-3BE71B73E8A5}.Release|Any CPU.Build.0 = Release|Any CPU
		{19359537-505F-488D-8B03-79184F0BF14C}.Debug|Any CPU.ActiveCfg = Debug|Any CPU
		{19359537-505F-488D-8B03-79184F0BF14C}.Debug|Any CPU.Build.0 = Debug|Any CPU
		{19359537-505F-488D-8B03-79184F0BF14C}.Release|Any CPU.ActiveCfg = Release|Any CPU
		{19359537-505F-488D-8B03-79184F0BF14C}.Release|Any CPU.Build.0 = Release|Any CPU
		{4D03E60F-6665-4EE7-8AA6-402DC9AB9E06}.Debug|Any CPU.ActiveCfg = Debug|Any CPU
		{4D03E60F-6665-4EE7-8AA6-402DC9AB9E06}.Debug|Any CPU.Build.0 = Debug|Any CPU
		{4D03E60F-6665-4EE7-8AA6-402DC9AB9E06}.Release|Any CPU.ActiveCfg = Release|Any CPU
		{4D03E60F-6665-4EE7-8AA6-402DC9AB9E06}.Release|Any CPU.Build.0 = Release|Any CPU
		{9AE3F954-0D07-42C9-A693-A83E205605C2}.Debug|Any CPU.ActiveCfg = Debug|Any CPU
		{9AE3F954-0D07-42C9-A693-A83E205605C2}.Debug|Any CPU.Build.0 = Debug|Any CPU
		{9AE3F954-0D07-42C9-A693-A83E205605C2}.Release|Any CPU.ActiveCfg = Release|Any CPU
		{9AE3F954-0D07-42C9-A693-A83E205605C2}.Release|Any CPU.Build.0 = Release|Any CPU
		{1068CBE3-E50D-44F9-A3C2-962DFEBFD7B9}.Debug|Any CPU.ActiveCfg = Debug|Any CPU
		{1068CBE3-E50D-44F9-A3C2-962DFEBFD7B9}.Debug|Any CPU.Build.0 = Debug|Any CPU
		{1068CBE3-E50D-44F9-A3C2-962DFEBFD7B9}.Release|Any CPU.ActiveCfg = Release|Any CPU
		{1068CBE3-E50D-44F9-A3C2-962DFEBFD7B9}.Release|Any CPU.Build.0 = Release|Any CPU
		{EA16B8F4-62A7-4E73-A8FA-9CD8E9E22342}.Debug|Any CPU.ActiveCfg = Debug|Any CPU
		{EA16B8F4-62A7-4E73-A8FA-9CD8E9E22342}.Debug|Any CPU.Build.0 = Debug|Any CPU
		{EA16B8F4-62A7-4E73-A8FA-9CD8E9E22342}.Release|Any CPU.ActiveCfg = Release|Any CPU
		{EA16B8F4-62A7-4E73-A8FA-9CD8E9E22342}.Release|Any CPU.Build.0 = Release|Any CPU
		{C4D75009-E8DB-482B-A225-86F2A57BC391}.Debug|Any CPU.ActiveCfg = Debug|Any CPU
		{C4D75009-E8DB-482B-A225-86F2A57BC391}.Debug|Any CPU.Build.0 = Debug|Any CPU
		{C4D75009-E8DB-482B-A225-86F2A57BC391}.Release|Any CPU.ActiveCfg = Release|Any CPU
		{C4D75009-E8DB-482B-A225-86F2A57BC391}.Release|Any CPU.Build.0 = Release|Any CPU
		{8D7032AC-1F39-4467-A3A0-EF2E7971510B}.Debug|Any CPU.ActiveCfg = Debug|Any CPU
		{8D7032AC-1F39-4467-A3A0-EF2E7971510B}.Debug|Any CPU.Build.0 = Debug|Any CPU
		{8D7032AC-1F39-4467-A3A0-EF2E7971510B}.Release|Any CPU.ActiveCfg = Release|Any CPU
		{8D7032AC-1F39-4467-A3A0-EF2E7971510B}.Release|Any CPU.Build.0 = Release|Any CPU
		{2DE330F7-5317-43D8-AF17-48D13C9D6F2C}.Debug|Any CPU.ActiveCfg = Debug|Any CPU
		{2DE330F7-5317-43D8-AF17-48D13C9D6F2C}.Debug|Any CPU.Build.0 = Debug|Any CPU
		{2DE330F7-5317-43D8-AF17-48D13C9D6F2C}.Release|Any CPU.ActiveCfg = Release|Any CPU
		{2DE330F7-5317-43D8-AF17-48D13C9D6F2C}.Release|Any CPU.Build.0 = Release|Any CPU
		{4286A818-5408-415E-A7DC-930941EC31BC}.Debug|Any CPU.ActiveCfg = Debug|Any CPU
		{4286A818-5408-415E-A7DC-930941EC31BC}.Debug|Any CPU.Build.0 = Debug|Any CPU
		{4286A818-5408-415E-A7DC-930941EC31BC}.Release|Any CPU.ActiveCfg = Release|Any CPU
		{4286A818-5408-415E-A7DC-930941EC31BC}.Release|Any CPU.Build.0 = Release|Any CPU
		{80E243A2-462A-48B5-BD68-A0A6E919200F}.Debug|Any CPU.ActiveCfg = Debug|Any CPU
		{80E243A2-462A-48B5-BD68-A0A6E919200F}.Debug|Any CPU.Build.0 = Debug|Any CPU
		{80E243A2-462A-48B5-BD68-A0A6E919200F}.Release|Any CPU.ActiveCfg = Release|Any CPU
		{80E243A2-462A-48B5-BD68-A0A6E919200F}.Release|Any CPU.Build.0 = Release|Any CPU
		{20D36F49-E5C8-49D3-A4D9-C12DCEC47209}.Debug|Any CPU.ActiveCfg = Debug|Any CPU
		{20D36F49-E5C8-49D3-A4D9-C12DCEC47209}.Debug|Any CPU.Build.0 = Debug|Any CPU
		{20D36F49-E5C8-49D3-A4D9-C12DCEC47209}.Release|Any CPU.ActiveCfg = Release|Any CPU
		{20D36F49-E5C8-49D3-A4D9-C12DCEC47209}.Release|Any CPU.Build.0 = Release|Any CPU
		{F50F1CCB-4F84-4F8E-9C18-CC4E2FBF8A8F}.Debug|Any CPU.ActiveCfg = Debug|Any CPU
		{F50F1CCB-4F84-4F8E-9C18-CC4E2FBF8A8F}.Debug|Any CPU.Build.0 = Debug|Any CPU
		{F50F1CCB-4F84-4F8E-9C18-CC4E2FBF8A8F}.Release|Any CPU.ActiveCfg = Release|Any CPU
		{F50F1CCB-4F84-4F8E-9C18-CC4E2FBF8A8F}.Release|Any CPU.Build.0 = Release|Any CPU
		{2F247720-D293-4466-B037-A53236A093DA}.Debug|Any CPU.ActiveCfg = Debug|Any CPU
		{2F247720-D293-4466-B037-A53236A093DA}.Debug|Any CPU.Build.0 = Debug|Any CPU
		{2F247720-D293-4466-B037-A53236A093DA}.Release|Any CPU.ActiveCfg = Release|Any CPU
		{2F247720-D293-4466-B037-A53236A093DA}.Release|Any CPU.Build.0 = Release|Any CPU
		{86787F95-9D98-4D7B-9D71-5199EDC27330}.Debug|Any CPU.ActiveCfg = Debug|Any CPU
		{86787F95-9D98-4D7B-9D71-5199EDC27330}.Debug|Any CPU.Build.0 = Debug|Any CPU
		{86787F95-9D98-4D7B-9D71-5199EDC27330}.Release|Any CPU.ActiveCfg = Release|Any CPU
		{86787F95-9D98-4D7B-9D71-5199EDC27330}.Release|Any CPU.Build.0 = Release|Any CPU
		{66E677E6-A60A-4529-8A48-142EC14026BA}.Debug|Any CPU.ActiveCfg = Debug|Any CPU
		{66E677E6-A60A-4529-8A48-142EC14026BA}.Debug|Any CPU.Build.0 = Debug|Any CPU
		{66E677E6-A60A-4529-8A48-142EC14026BA}.Release|Any CPU.ActiveCfg = Release|Any CPU
		{66E677E6-A60A-4529-8A48-142EC14026BA}.Release|Any CPU.Build.0 = Release|Any CPU
	EndGlobalSection
	GlobalSection(SolutionProperties) = preSolution
		HideSolutionNode = FALSE
	EndGlobalSection
	GlobalSection(NestedProjects) = preSolution
		{8D7032AC-1F39-4467-A3A0-EF2E7971510B} = {262DC657-0D4E-43C5-A06E-95525FB5E0C7}
		{2DE330F7-5317-43D8-AF17-48D13C9D6F2C} = {262DC657-0D4E-43C5-A06E-95525FB5E0C7}
		{4286A818-5408-415E-A7DC-930941EC31BC} = {262DC657-0D4E-43C5-A06E-95525FB5E0C7}
		{80E243A2-462A-48B5-BD68-A0A6E919200F} = {262DC657-0D4E-43C5-A06E-95525FB5E0C7}
		{20D36F49-E5C8-49D3-A4D9-C12DCEC47209} = {8D937BE0-D649-45F3-9FE3-1A7D79600B7A}
		{F50F1CCB-4F84-4F8E-9C18-CC4E2FBF8A8F} = {8D937BE0-D649-45F3-9FE3-1A7D79600B7A}
		{2F247720-D293-4466-B037-A53236A093DA} = {8D937BE0-D649-45F3-9FE3-1A7D79600B7A}
		{86787F95-9D98-4D7B-9D71-5199EDC27330} = {E33F3031-5035-49EB-B0F7-7AF3350398FB}
	EndGlobalSection
	GlobalSection(ExtensibilityGlobals) = postSolution
		SolutionGuid = {B16F0630-1F27-4C36-8E27-D02C36CDF0C7}
	EndGlobalSection
EndGlobal
